<<<<<<< .mine
﻿
Microsoft Visual Studio Solution File, Format Version 9.00
# Visual Studio 2005
Project("{8BC9CEB8-8B4A-11D0-8D11-00A0C91BC942}") = "vs2005-activemq", "vs2005-activemq.vcproj", "{60E51A46-2E46-47A4-9BD8-C9D6A7EFCD26}"
EndProject
Project("{8BC9CEB8-8B4A-11D0-8D11-00A0C91BC942}") = "vs2005-activemq-example", "vs2005-activemq-example.vcproj", "{23EFE0EC-D277-4AC0-9DDC-0E0C588B54B8}"
	ProjectSection(ProjectDependencies) = postProject
		{60E51A46-2E46-47A4-9BD8-C9D6A7EFCD26} = {60E51A46-2E46-47A4-9BD8-C9D6A7EFCD26}
	EndProjectSection
EndProject
Project("{8BC9CEB8-8B4A-11D0-8D11-00A0C91BC942}") = "vs2005-activemq-integration-tests", "vs2005-activemq-integration-tests.vcproj", "{DC329496-FA10-4BFC-9B55-4C7A6EDDA227}"
	ProjectSection(ProjectDependencies) = postProject
		{60E51A46-2E46-47A4-9BD8-C9D6A7EFCD26} = {60E51A46-2E46-47A4-9BD8-C9D6A7EFCD26}
	EndProjectSection
EndProject
Project("{8BC9CEB8-8B4A-11D0-8D11-00A0C91BC942}") = "vs2005-activemq-unittests", "vs2005-activemq-unittests.vcproj", "{C215A965-3E75-431F-A1A6-EDC3EF2D682B}"
	ProjectSection(ProjectDependencies) = postProject
		{60E51A46-2E46-47A4-9BD8-C9D6A7EFCD26} = {60E51A46-2E46-47A4-9BD8-C9D6A7EFCD26}
	EndProjectSection
EndProject
Global
	GlobalSection(SolutionConfigurationPlatforms) = preSolution
		Debug|Win32 = Debug|Win32
		DebugDLL|Win32 = DebugDLL|Win32
		Release|Win32 = Release|Win32
		ReleaseDLL|Win32 = ReleaseDLL|Win32
	EndGlobalSection
	GlobalSection(ProjectConfigurationPlatforms) = postSolution
		{60E51A46-2E46-47A4-9BD8-C9D6A7EFCD26}.Debug|Win32.ActiveCfg = Debug|Win32
		{60E51A46-2E46-47A4-9BD8-C9D6A7EFCD26}.Debug|Win32.Build.0 = Debug|Win32
		{60E51A46-2E46-47A4-9BD8-C9D6A7EFCD26}.DebugDLL|Win32.ActiveCfg = DebugDLL|Win32
		{60E51A46-2E46-47A4-9BD8-C9D6A7EFCD26}.DebugDLL|Win32.Build.0 = DebugDLL|Win32
		{60E51A46-2E46-47A4-9BD8-C9D6A7EFCD26}.Release|Win32.ActiveCfg = Release|Win32
		{60E51A46-2E46-47A4-9BD8-C9D6A7EFCD26}.Release|Win32.Build.0 = Release|Win32
		{60E51A46-2E46-47A4-9BD8-C9D6A7EFCD26}.ReleaseDLL|Win32.ActiveCfg = ReleaseDLL|Win32
		{60E51A46-2E46-47A4-9BD8-C9D6A7EFCD26}.ReleaseDLL|Win32.Build.0 = ReleaseDLL|Win32
		{23EFE0EC-D277-4AC0-9DDC-0E0C588B54B8}.Debug|Win32.ActiveCfg = Debug|Win32
		{23EFE0EC-D277-4AC0-9DDC-0E0C588B54B8}.Debug|Win32.Build.0 = Debug|Win32
		{23EFE0EC-D277-4AC0-9DDC-0E0C588B54B8}.DebugDLL|Win32.ActiveCfg = DebugDLL|Win32
		{23EFE0EC-D277-4AC0-9DDC-0E0C588B54B8}.DebugDLL|Win32.Build.0 = DebugDLL|Win32
		{23EFE0EC-D277-4AC0-9DDC-0E0C588B54B8}.Release|Win32.ActiveCfg = Release|Win32
		{23EFE0EC-D277-4AC0-9DDC-0E0C588B54B8}.Release|Win32.Build.0 = Release|Win32
		{23EFE0EC-D277-4AC0-9DDC-0E0C588B54B8}.ReleaseDLL|Win32.ActiveCfg = ReleaseDLL|Win32
		{23EFE0EC-D277-4AC0-9DDC-0E0C588B54B8}.ReleaseDLL|Win32.Build.0 = ReleaseDLL|Win32
		{DC329496-FA10-4BFC-9B55-4C7A6EDDA227}.Debug|Win32.ActiveCfg = Debug|Win32
		{DC329496-FA10-4BFC-9B55-4C7A6EDDA227}.Debug|Win32.Build.0 = Debug|Win32
		{DC329496-FA10-4BFC-9B55-4C7A6EDDA227}.DebugDLL|Win32.ActiveCfg = DebugDLL|Win32
		{DC329496-FA10-4BFC-9B55-4C7A6EDDA227}.Release|Win32.ActiveCfg = Release|Win32
		{DC329496-FA10-4BFC-9B55-4C7A6EDDA227}.Release|Win32.Build.0 = Release|Win32
		{DC329496-FA10-4BFC-9B55-4C7A6EDDA227}.ReleaseDLL|Win32.ActiveCfg = ReleaseDLL|Win32
		{C215A965-3E75-431F-A1A6-EDC3EF2D682B}.Debug|Win32.ActiveCfg = Debug|Win32
		{C215A965-3E75-431F-A1A6-EDC3EF2D682B}.Debug|Win32.Build.0 = Debug|Win32
		{C215A965-3E75-431F-A1A6-EDC3EF2D682B}.DebugDLL|Win32.ActiveCfg = DebugDLL|Win32
		{C215A965-3E75-431F-A1A6-EDC3EF2D682B}.Release|Win32.ActiveCfg = Release|Win32
		{C215A965-3E75-431F-A1A6-EDC3EF2D682B}.Release|Win32.Build.0 = Release|Win32
		{C215A965-3E75-431F-A1A6-EDC3EF2D682B}.ReleaseDLL|Win32.ActiveCfg = ReleaseDLL|Win32
	EndGlobalSection
	GlobalSection(SolutionProperties) = preSolution
		HideSolutionNode = FALSE
	EndGlobalSection
EndGlobal
=======
﻿
Microsoft Visual Studio Solution File, Format Version 9.00
# Visual Studio 2005
Project("{8BC9CEB8-8B4A-11D0-8D11-00A0C91BC942}") = "vs2005-activemq", "vs2005-activemq.vcproj", "{60E51A46-2E46-47A4-9BD8-C9D6A7EFCD26}"
EndProject
Project("{8BC9CEB8-8B4A-11D0-8D11-00A0C91BC942}") = "vs2005-activemq-example", "vs2005-activemq-example.vcproj", "{23EFE0EC-D277-4AC0-9DDC-0E0C588B54B8}"
	ProjectSection(ProjectDependencies) = postProject
		{60E51A46-2E46-47A4-9BD8-C9D6A7EFCD26} = {60E51A46-2E46-47A4-9BD8-C9D6A7EFCD26}
	EndProjectSection
EndProject
Project("{8BC9CEB8-8B4A-11D0-8D11-00A0C91BC942}") = "vs2005-activemq-integration-tests", "vs2005-activemq-integration-tests.vcproj", "{DC329496-FA10-4BFC-9B55-4C7A6EDDA227}"
	ProjectSection(ProjectDependencies) = postProject
		{60E51A46-2E46-47A4-9BD8-C9D6A7EFCD26} = {60E51A46-2E46-47A4-9BD8-C9D6A7EFCD26}
	EndProjectSection
EndProject
Project("{8BC9CEB8-8B4A-11D0-8D11-00A0C91BC942}") = "vs2005-activemq-unittests", "vs2005-activemq-unittests.vcproj", "{C215A965-3E75-431F-A1A6-EDC3EF2D682B}"
	ProjectSection(ProjectDependencies) = postProject
		{60E51A46-2E46-47A4-9BD8-C9D6A7EFCD26} = {60E51A46-2E46-47A4-9BD8-C9D6A7EFCD26}
	EndProjectSection
EndProject 
Global
	GlobalSection(SolutionConfigurationPlatforms) = preSolution
		Debug|Win32 = Debug|Win32
		DebugDLL|Win32 = DebugDLL|Win32
		Release|Win32 = Release|Win32
		ReleaseDLL|Win32 = ReleaseDLL|Win32
	EndGlobalSection
	GlobalSection(ProjectConfigurationPlatforms) = postSolution
		{60E51A46-2E46-47A4-9BD8-C9D6A7EFCD26}.Debug|Win32.ActiveCfg = Debug|Win32
		{60E51A46-2E46-47A4-9BD8-C9D6A7EFCD26}.Debug|Win32.Build.0 = Debug|Win32
		{60E51A46-2E46-47A4-9BD8-C9D6A7EFCD26}.DebugDLL|Win32.ActiveCfg = DebugDLL|Win32
		{60E51A46-2E46-47A4-9BD8-C9D6A7EFCD26}.DebugDLL|Win32.Build.0 = DebugDLL|Win32
		{60E51A46-2E46-47A4-9BD8-C9D6A7EFCD26}.Release|Win32.ActiveCfg = Release|Win32
		{60E51A46-2E46-47A4-9BD8-C9D6A7EFCD26}.Release|Win32.Build.0 = Release|Win32
		{60E51A46-2E46-47A4-9BD8-C9D6A7EFCD26}.ReleaseDLL|Win32.ActiveCfg = ReleaseDLL|Win32
		{60E51A46-2E46-47A4-9BD8-C9D6A7EFCD26}.ReleaseDLL|Win32.Build.0 = ReleaseDLL|Win32
		{23EFE0EC-D277-4AC0-9DDC-0E0C588B54B8}.Debug|Win32.ActiveCfg = Debug|Win32
		{23EFE0EC-D277-4AC0-9DDC-0E0C588B54B8}.Debug|Win32.Build.0 = Debug|Win32
		{23EFE0EC-D277-4AC0-9DDC-0E0C588B54B8}.DebugDLL|Win32.ActiveCfg = DebugDLL|Win32
		{23EFE0EC-D277-4AC0-9DDC-0E0C588B54B8}.DebugDLL|Win32.Build.0 = DebugDLL|Win32
		{23EFE0EC-D277-4AC0-9DDC-0E0C588B54B8}.Release|Win32.ActiveCfg = Release|Win32
		{23EFE0EC-D277-4AC0-9DDC-0E0C588B54B8}.Release|Win32.Build.0 = Release|Win32
		{23EFE0EC-D277-4AC0-9DDC-0E0C588B54B8}.ReleaseDLL|Win32.ActiveCfg = ReleaseDLL|Win32
		{23EFE0EC-D277-4AC0-9DDC-0E0C588B54B8}.ReleaseDLL|Win32.Build.0 = ReleaseDLL|Win32
		{DC329496-FA10-4BFC-9B55-4C7A6EDDA227}.Debug|Win32.ActiveCfg = Debug|Win32
		{DC329496-FA10-4BFC-9B55-4C7A6EDDA227}.Debug|Win32.Build.0 = Debug|Win32
		{DC329496-FA10-4BFC-9B55-4C7A6EDDA227}.DebugDLL|Win32.ActiveCfg = DebugDLL|Win32
		{DC329496-FA10-4BFC-9B55-4C7A6EDDA227}.Release|Win32.ActiveCfg = Release|Win32
		{DC329496-FA10-4BFC-9B55-4C7A6EDDA227}.Release|Win32.Build.0 = Release|Win32
		{DC329496-FA10-4BFC-9B55-4C7A6EDDA227}.ReleaseDLL|Win32.ActiveCfg = ReleaseDLL|Win32
		{C215A965-3E75-431F-A1A6-EDC3EF2D682B}.Debug|Win32.ActiveCfg = Debug|Win32
		{C215A965-3E75-431F-A1A6-EDC3EF2D682B}.Debug|Win32.Build.0 = Debug|Win32
		{C215A965-3E75-431F-A1A6-EDC3EF2D682B}.DebugDLL|Win32.ActiveCfg = DebugDLL|Win32
		{C215A965-3E75-431F-A1A6-EDC3EF2D682B}.Release|Win32.ActiveCfg = Release|Win32
		{C215A965-3E75-431F-A1A6-EDC3EF2D682B}.Release|Win32.Build.0 = Release|Win32
		{C215A965-3E75-431F-A1A6-EDC3EF2D682B}.ReleaseDLL|Win32.ActiveCfg = ReleaseDLL|Win32
	EndGlobalSection
	GlobalSection(SolutionProperties) = preSolution
		HideSolutionNode = FALSE
	EndGlobalSection
EndGlobal
>>>>>>> .r541612
