Microsoft Visual Studio Solution File, Format Version 10.00
# Visual Studio 2008
Project("{8BC9CEB8-8B4A-11D0-8D11-00A0C91BC942}") = "activemq-cpp", "activemq-cpp.vcproj", "{60E51A46-2E46-47A4-9BD8-C9D6A7EFCD26}"
EndProject
Project("{8BC9CEB8-8B4A-11D0-8D11-00A0C91BC942}") = "activemq-cpp-example", "activemq-cpp-example.vcproj", "{23EFE0EC-D277-4AC0-9DDC-0E0C588B54B8}"
	ProjectSection(ProjectDependencies) = postProject
		{60E51A46-2E46-47A4-9BD8-C9D6A7EFCD26} = {60E51A46-2E46-47A4-9BD8-C9D6A7EFCD26}
	EndProjectSection
EndProject
Project("{8BC9CEB8-8B4A-11D0-8D11-00A0C91BC942}") = "activemq-cpp-integration-tests", "activemq-cpp-integration-tests.vcproj", "{DC329496-FA10-4BFC-9B55-4C7A6EDDA227}"
	ProjectSection(ProjectDependencies) = postProject
		{60E51A46-2E46-47A4-9BD8-C9D6A7EFCD26} = {60E51A46-2E46-47A4-9BD8-C9D6A7EFCD26}
	EndProjectSection
EndProject
Project("{8BC9CEB8-8B4A-11D0-8D11-00A0C91BC942}") = "activemq-cpp-unittests", "activemq-cpp-unittests.vcproj", "{C215A965-3E75-431F-A1A6-EDC3EF2D682B}"
	ProjectSection(ProjectDependencies) = postProject
		{60E51A46-2E46-47A4-9BD8-C9D6A7EFCD26} = {60E51A46-2E46-47A4-9BD8-C9D6A7EFCD26}
	EndProjectSection
EndProject
Project("{8BC9CEB8-8B4A-11D0-8D11-00A0C91BC942}") = "activemq-cpp-producer", "activemq-cpp-producer.vcproj", "{3E3BD5DA-225D-4607-8D64-1549945212C4}"
	ProjectSection(ProjectDependencies) = postProject
		{60E51A46-2E46-47A4-9BD8-C9D6A7EFCD26} = {60E51A46-2E46-47A4-9BD8-C9D6A7EFCD26}
	EndProjectSection
EndProject
Project("{8BC9CEB8-8B4A-11D0-8D11-00A0C91BC942}") = "activemq-cmstemplate-sender", "activemq-cmstemplate-sender.vcproj", "{A9526951-8648-4396-A2F1-044ED21C2D75}"
	ProjectSection(ProjectDependencies) = postProject
		{60E51A46-2E46-47A4-9BD8-C9D6A7EFCD26} = {60E51A46-2E46-47A4-9BD8-C9D6A7EFCD26}
	EndProjectSection
EndProject
Project("{8BC9CEB8-8B4A-11D0-8D11-00A0C91BC942}") = "activemq-cmstemplate-receiver", "activemq-cmstemplate-receiver.vcproj", "{B6315CCF-8961-4439-ADB2-10AAD98005CF}"
	ProjectSection(ProjectDependencies) = postProject
		{60E51A46-2E46-47A4-9BD8-C9D6A7EFCD26} = {60E51A46-2E46-47A4-9BD8-C9D6A7EFCD26}
	EndProjectSection
EndProject
Project("{8BC9CEB8-8B4A-11D0-8D11-00A0C91BC942}") = "activemq-cmstemplate-stressor", "activemq-cmstemplate-stressor.vcproj", "{D3FF58B4-F851-4868-A5AE-015F2C79757C}"
	ProjectSection(ProjectDependencies) = postProject
		{60E51A46-2E46-47A4-9BD8-C9D6A7EFCD26} = {60E51A46-2E46-47A4-9BD8-C9D6A7EFCD26}
	EndProjectSection
EndProject
Global
	GlobalSection(SolutionConfigurationPlatforms) = preSolution
		Debug|Win32 = Debug|Win32
		Debug|x64 = Debug|x64
		DebugDLL|Win32 = DebugDLL|Win32
		DebugDLL|x64 = DebugDLL|x64
		DebugDLL-SSL|Win32 = DebugDLL-SSL|Win32
		DebugDLL-SSL|x64 = DebugDLL-SSL|x64
		Debug-SSL|Win32 = Debug-SSL|Win32
		Debug-SSL|x64 = Debug-SSL|x64
		Release|Win32 = Release|Win32
		Release|x64 = Release|x64
		ReleaseDLL|Win32 = ReleaseDLL|Win32
		ReleaseDLL|x64 = ReleaseDLL|x64
		ReleaseDLL-SSL|Win32 = ReleaseDLL-SSL|Win32
		ReleaseDLL-SSL|x64 = ReleaseDLL-SSL|x64
		Release-SSL|Win32 = Release-SSL|Win32
		Release-SSL|x64 = Release-SSL|x64
	EndGlobalSection
	GlobalSection(ProjectConfigurationPlatforms) = postSolution
		{60E51A46-2E46-47A4-9BD8-C9D6A7EFCD26}.Debug|Win32.ActiveCfg = Debug|Win32
		{60E51A46-2E46-47A4-9BD8-C9D6A7EFCD26}.Debug|Win32.Build.0 = Debug|Win32
		{60E51A46-2E46-47A4-9BD8-C9D6A7EFCD26}.Debug|x64.ActiveCfg = Debug|x64
		{60E51A46-2E46-47A4-9BD8-C9D6A7EFCD26}.Debug|x64.Build.0 = Debug|x64
		{60E51A46-2E46-47A4-9BD8-C9D6A7EFCD26}.DebugDLL|Win32.ActiveCfg = DebugDLL|Win32
		{60E51A46-2E46-47A4-9BD8-C9D6A7EFCD26}.DebugDLL|Win32.Build.0 = DebugDLL|Win32
		{60E51A46-2E46-47A4-9BD8-C9D6A7EFCD26}.DebugDLL|x64.ActiveCfg = DebugDLL|x64
		{60E51A46-2E46-47A4-9BD8-C9D6A7EFCD26}.DebugDLL|x64.Build.0 = DebugDLL|x64
		{60E51A46-2E46-47A4-9BD8-C9D6A7EFCD26}.DebugDLL-SSL|Win32.ActiveCfg = DebugDLL-SSL|Win32
		{60E51A46-2E46-47A4-9BD8-C9D6A7EFCD26}.DebugDLL-SSL|Win32.Build.0 = DebugDLL-SSL|Win32
		{60E51A46-2E46-47A4-9BD8-C9D6A7EFCD26}.DebugDLL-SSL|x64.ActiveCfg = DebugDLL-SSL|x64
		{60E51A46-2E46-47A4-9BD8-C9D6A7EFCD26}.DebugDLL-SSL|x64.Build.0 = DebugDLL-SSL|x64
		{60E51A46-2E46-47A4-9BD8-C9D6A7EFCD26}.Debug-SSL|Win32.ActiveCfg = Debug-SSL|Win32
		{60E51A46-2E46-47A4-9BD8-C9D6A7EFCD26}.Debug-SSL|Win32.Build.0 = Debug-SSL|Win32
		{60E51A46-2E46-47A4-9BD8-C9D6A7EFCD26}.Debug-SSL|x64.ActiveCfg = Debug-SSL|x64
		{60E51A46-2E46-47A4-9BD8-C9D6A7EFCD26}.Debug-SSL|x64.Build.0 = Debug-SSL|x64
		{60E51A46-2E46-47A4-9BD8-C9D6A7EFCD26}.Release|Win32.ActiveCfg = Release|Win32
		{60E51A46-2E46-47A4-9BD8-C9D6A7EFCD26}.Release|Win32.Build.0 = Release|Win32
		{60E51A46-2E46-47A4-9BD8-C9D6A7EFCD26}.Release|x64.ActiveCfg = Release|x64
		{60E51A46-2E46-47A4-9BD8-C9D6A7EFCD26}.Release|x64.Build.0 = Release|x64
		{60E51A46-2E46-47A4-9BD8-C9D6A7EFCD26}.ReleaseDLL|Win32.ActiveCfg = ReleaseDLL|Win32
		{60E51A46-2E46-47A4-9BD8-C9D6A7EFCD26}.ReleaseDLL|Win32.Build.0 = ReleaseDLL|Win32
		{60E51A46-2E46-47A4-9BD8-C9D6A7EFCD26}.ReleaseDLL|x64.ActiveCfg = ReleaseDLL|x64
		{60E51A46-2E46-47A4-9BD8-C9D6A7EFCD26}.ReleaseDLL|x64.Build.0 = ReleaseDLL|x64
		{60E51A46-2E46-47A4-9BD8-C9D6A7EFCD26}.ReleaseDLL-SSL|Win32.ActiveCfg = ReleaseDLL-SSL|Win32
		{60E51A46-2E46-47A4-9BD8-C9D6A7EFCD26}.ReleaseDLL-SSL|Win32.Build.0 = ReleaseDLL-SSL|Win32
		{60E51A46-2E46-47A4-9BD8-C9D6A7EFCD26}.ReleaseDLL-SSL|x64.ActiveCfg = ReleaseDLL-SSL|x64
		{60E51A46-2E46-47A4-9BD8-C9D6A7EFCD26}.ReleaseDLL-SSL|x64.Build.0 = ReleaseDLL-SSL|x64
		{60E51A46-2E46-47A4-9BD8-C9D6A7EFCD26}.Release-SSL|Win32.ActiveCfg = Release-SSL|Win32
		{60E51A46-2E46-47A4-9BD8-C9D6A7EFCD26}.Release-SSL|Win32.Build.0 = Release-SSL|Win32
		{60E51A46-2E46-47A4-9BD8-C9D6A7EFCD26}.Release-SSL|x64.ActiveCfg = Release-SSL|x64
		{60E51A46-2E46-47A4-9BD8-C9D6A7EFCD26}.Release-SSL|x64.Build.0 = Release-SSL|x64
		{23EFE0EC-D277-4AC0-9DDC-0E0C588B54B8}.Debug|Win32.ActiveCfg = Debug|Win32
		{23EFE0EC-D277-4AC0-9DDC-0E0C588B54B8}.Debug|Win32.Build.0 = Debug|Win32
		{23EFE0EC-D277-4AC0-9DDC-0E0C588B54B8}.Debug|x64.ActiveCfg = Debug|x64
		{23EFE0EC-D277-4AC0-9DDC-0E0C588B54B8}.Debug|x64.Build.0 = Debug|x64
		{23EFE0EC-D277-4AC0-9DDC-0E0C588B54B8}.DebugDLL|Win32.ActiveCfg = DebugDLL|Win32
		{23EFE0EC-D277-4AC0-9DDC-0E0C588B54B8}.DebugDLL|Win32.Build.0 = DebugDLL|Win32
		{23EFE0EC-D277-4AC0-9DDC-0E0C588B54B8}.DebugDLL|x64.ActiveCfg = DebugDLL|x64
		{23EFE0EC-D277-4AC0-9DDC-0E0C588B54B8}.DebugDLL|x64.Build.0 = DebugDLL|x64
		{23EFE0EC-D277-4AC0-9DDC-0E0C588B54B8}.DebugDLL-SSL|Win32.ActiveCfg = DebugDLL|Win32
		{23EFE0EC-D277-4AC0-9DDC-0E0C588B54B8}.DebugDLL-SSL|x64.ActiveCfg = DebugDLL|x64
		{23EFE0EC-D277-4AC0-9DDC-0E0C588B54B8}.DebugDLL-SSL|x64.Build.0 = DebugDLL|x64
		{23EFE0EC-D277-4AC0-9DDC-0E0C588B54B8}.Debug-SSL|Win32.ActiveCfg = Debug|Win32
		{23EFE0EC-D277-4AC0-9DDC-0E0C588B54B8}.Debug-SSL|x64.ActiveCfg = DebugDLL|x64
		{23EFE0EC-D277-4AC0-9DDC-0E0C588B54B8}.Debug-SSL|x64.Build.0 = DebugDLL|x64
		{23EFE0EC-D277-4AC0-9DDC-0E0C588B54B8}.Release|Win32.ActiveCfg = Release|Win32
		{23EFE0EC-D277-4AC0-9DDC-0E0C588B54B8}.Release|Win32.Build.0 = Release|Win32
		{23EFE0EC-D277-4AC0-9DDC-0E0C588B54B8}.Release|x64.ActiveCfg = Release|x64
		{23EFE0EC-D277-4AC0-9DDC-0E0C588B54B8}.Release|x64.Build.0 = Release|x64
		{23EFE0EC-D277-4AC0-9DDC-0E0C588B54B8}.ReleaseDLL|Win32.ActiveCfg = ReleaseDLL|Win32
		{23EFE0EC-D277-4AC0-9DDC-0E0C588B54B8}.ReleaseDLL|Win32.Build.0 = ReleaseDLL|Win32
		{23EFE0EC-D277-4AC0-9DDC-0E0C588B54B8}.ReleaseDLL|x64.ActiveCfg = ReleaseDLL|x64
		{23EFE0EC-D277-4AC0-9DDC-0E0C588B54B8}.ReleaseDLL|x64.Build.0 = ReleaseDLL|x64
		{23EFE0EC-D277-4AC0-9DDC-0E0C588B54B8}.ReleaseDLL-SSL|Win32.ActiveCfg = ReleaseDLL|Win32
		{23EFE0EC-D277-4AC0-9DDC-0E0C588B54B8}.ReleaseDLL-SSL|x64.ActiveCfg = ReleaseDLL|x64
		{23EFE0EC-D277-4AC0-9DDC-0E0C588B54B8}.ReleaseDLL-SSL|x64.Build.0 = ReleaseDLL|x64
		{23EFE0EC-D277-4AC0-9DDC-0E0C588B54B8}.Release-SSL|Win32.ActiveCfg = Release|Win32
		{23EFE0EC-D277-4AC0-9DDC-0E0C588B54B8}.Release-SSL|x64.ActiveCfg = ReleaseDLL|x64
		{23EFE0EC-D277-4AC0-9DDC-0E0C588B54B8}.Release-SSL|x64.Build.0 = ReleaseDLL|x64
		{DC329496-FA10-4BFC-9B55-4C7A6EDDA227}.Debug|Win32.ActiveCfg = Debug|Win32
		{DC329496-FA10-4BFC-9B55-4C7A6EDDA227}.Debug|Win32.Build.0 = Debug|Win32
		{DC329496-FA10-4BFC-9B55-4C7A6EDDA227}.Debug|x64.ActiveCfg = Debug|x64
		{DC329496-FA10-4BFC-9B55-4C7A6EDDA227}.Debug|x64.Build.0 = Debug|x64
		{DC329496-FA10-4BFC-9B55-4C7A6EDDA227}.DebugDLL|Win32.ActiveCfg = DebugDLL|Win32
		{DC329496-FA10-4BFC-9B55-4C7A6EDDA227}.DebugDLL|Win32.Build.0 = DebugDLL|Win32
		{DC329496-FA10-4BFC-9B55-4C7A6EDDA227}.DebugDLL|x64.ActiveCfg = DebugDLL|x64
		{DC329496-FA10-4BFC-9B55-4C7A6EDDA227}.DebugDLL|x64.Build.0 = DebugDLL|x64
		{DC329496-FA10-4BFC-9B55-4C7A6EDDA227}.DebugDLL-SSL|Win32.ActiveCfg = DebugDLL|Win32
		{DC329496-FA10-4BFC-9B55-4C7A6EDDA227}.DebugDLL-SSL|x64.ActiveCfg = DebugDLL|x64
		{DC329496-FA10-4BFC-9B55-4C7A6EDDA227}.DebugDLL-SSL|x64.Build.0 = DebugDLL|x64
		{DC329496-FA10-4BFC-9B55-4C7A6EDDA227}.Debug-SSL|Win32.ActiveCfg = Debug|Win32
		{DC329496-FA10-4BFC-9B55-4C7A6EDDA227}.Debug-SSL|x64.ActiveCfg = DebugDLL|x64
		{DC329496-FA10-4BFC-9B55-4C7A6EDDA227}.Debug-SSL|x64.Build.0 = DebugDLL|x64
		{DC329496-FA10-4BFC-9B55-4C7A6EDDA227}.Release|Win32.ActiveCfg = Release|Win32
		{DC329496-FA10-4BFC-9B55-4C7A6EDDA227}.Release|Win32.Build.0 = Release|Win32
		{DC329496-FA10-4BFC-9B55-4C7A6EDDA227}.Release|x64.ActiveCfg = Release|x64
		{DC329496-FA10-4BFC-9B55-4C7A6EDDA227}.Release|x64.Build.0 = Release|x64
		{DC329496-FA10-4BFC-9B55-4C7A6EDDA227}.ReleaseDLL|Win32.ActiveCfg = ReleaseDLL|Win32
		{DC329496-FA10-4BFC-9B55-4C7A6EDDA227}.ReleaseDLL|Win32.Build.0 = ReleaseDLL|Win32
		{DC329496-FA10-4BFC-9B55-4C7A6EDDA227}.ReleaseDLL|x64.ActiveCfg = ReleaseDLL|x64
		{DC329496-FA10-4BFC-9B55-4C7A6EDDA227}.ReleaseDLL|x64.Build.0 = ReleaseDLL|x64
		{DC329496-FA10-4BFC-9B55-4C7A6EDDA227}.ReleaseDLL-SSL|Win32.ActiveCfg = ReleaseDLL|Win32
		{DC329496-FA10-4BFC-9B55-4C7A6EDDA227}.ReleaseDLL-SSL|x64.ActiveCfg = ReleaseDLL|x64
		{DC329496-FA10-4BFC-9B55-4C7A6EDDA227}.ReleaseDLL-SSL|x64.Build.0 = ReleaseDLL|x64
		{DC329496-FA10-4BFC-9B55-4C7A6EDDA227}.Release-SSL|Win32.ActiveCfg = Release|Win32
		{DC329496-FA10-4BFC-9B55-4C7A6EDDA227}.Release-SSL|x64.ActiveCfg = ReleaseDLL|x64
		{DC329496-FA10-4BFC-9B55-4C7A6EDDA227}.Release-SSL|x64.Build.0 = ReleaseDLL|x64
		{C215A965-3E75-431F-A1A6-EDC3EF2D682B}.Debug|Win32.ActiveCfg = Debug|Win32
		{C215A965-3E75-431F-A1A6-EDC3EF2D682B}.Debug|Win32.Build.0 = Debug|Win32
		{C215A965-3E75-431F-A1A6-EDC3EF2D682B}.Debug|x64.ActiveCfg = Debug|x64
		{C215A965-3E75-431F-A1A6-EDC3EF2D682B}.Debug|x64.Build.0 = Debug|x64
		{C215A965-3E75-431F-A1A6-EDC3EF2D682B}.DebugDLL|Win32.ActiveCfg = DebugDLL|Win32
		{C215A965-3E75-431F-A1A6-EDC3EF2D682B}.DebugDLL|Win32.Build.0 = DebugDLL|Win32
		{C215A965-3E75-431F-A1A6-EDC3EF2D682B}.DebugDLL|x64.ActiveCfg = DebugDLL|x64
		{C215A965-3E75-431F-A1A6-EDC3EF2D682B}.DebugDLL-SSL|Win32.ActiveCfg = DebugDLL|Win32
		{C215A965-3E75-431F-A1A6-EDC3EF2D682B}.DebugDLL-SSL|x64.ActiveCfg = DebugDLL|x64
		{C215A965-3E75-431F-A1A6-EDC3EF2D682B}.DebugDLL-SSL|x64.Build.0 = DebugDLL|x64
		{C215A965-3E75-431F-A1A6-EDC3EF2D682B}.Debug-SSL|Win32.ActiveCfg = Debug|Win32
		{C215A965-3E75-431F-A1A6-EDC3EF2D682B}.Debug-SSL|x64.ActiveCfg = DebugDLL|x64
		{C215A965-3E75-431F-A1A6-EDC3EF2D682B}.Debug-SSL|x64.Build.0 = DebugDLL|x64
		{C215A965-3E75-431F-A1A6-EDC3EF2D682B}.Release|Win32.ActiveCfg = Release|Win32
		{C215A965-3E75-431F-A1A6-EDC3EF2D682B}.Release|Win32.Build.0 = Release|Win32
		{C215A965-3E75-431F-A1A6-EDC3EF2D682B}.Release|x64.ActiveCfg = Release|x64
		{C215A965-3E75-431F-A1A6-EDC3EF2D682B}.Release|x64.Build.0 = Release|x64
		{C215A965-3E75-431F-A1A6-EDC3EF2D682B}.ReleaseDLL|Win32.ActiveCfg = ReleaseDLL|Win32
		{C215A965-3E75-431F-A1A6-EDC3EF2D682B}.ReleaseDLL|Win32.Build.0 = ReleaseDLL|Win32
		{C215A965-3E75-431F-A1A6-EDC3EF2D682B}.ReleaseDLL|x64.ActiveCfg = ReleaseDLL|x64
		{C215A965-3E75-431F-A1A6-EDC3EF2D682B}.ReleaseDLL-SSL|Win32.ActiveCfg = ReleaseDLL|Win32
		{C215A965-3E75-431F-A1A6-EDC3EF2D682B}.ReleaseDLL-SSL|x64.ActiveCfg = ReleaseDLL|x64
		{C215A965-3E75-431F-A1A6-EDC3EF2D682B}.ReleaseDLL-SSL|x64.Build.0 = ReleaseDLL|x64
		{C215A965-3E75-431F-A1A6-EDC3EF2D682B}.Release-SSL|Win32.ActiveCfg = Release|Win32
		{C215A965-3E75-431F-A1A6-EDC3EF2D682B}.Release-SSL|x64.ActiveCfg = ReleaseDLL|x64
		{C215A965-3E75-431F-A1A6-EDC3EF2D682B}.Release-SSL|x64.Build.0 = ReleaseDLL|x64
		{3E3BD5DA-225D-4607-8D64-1549945212C4}.Debug|Win32.ActiveCfg = Debug|Win32
		{3E3BD5DA-225D-4607-8D64-1549945212C4}.Debug|Win32.Build.0 = Debug|Win32
		{3E3BD5DA-225D-4607-8D64-1549945212C4}.Debug|x64.ActiveCfg = Debug|x64
		{3E3BD5DA-225D-4607-8D64-1549945212C4}.Debug|x64.Build.0 = Debug|x64
		{3E3BD5DA-225D-4607-8D64-1549945212C4}.DebugDLL|Win32.ActiveCfg = DebugDLL|Win32
		{3E3BD5DA-225D-4607-8D64-1549945212C4}.DebugDLL|Win32.Build.0 = DebugDLL|Win32
		{3E3BD5DA-225D-4607-8D64-1549945212C4}.DebugDLL|x64.ActiveCfg = DebugDLL|x64
		{3E3BD5DA-225D-4607-8D64-1549945212C4}.DebugDLL|x64.Build.0 = DebugDLL|x64
		{3E3BD5DA-225D-4607-8D64-1549945212C4}.DebugDLL-SSL|Win32.ActiveCfg = DebugDLL|Win32
		{3E3BD5DA-225D-4607-8D64-1549945212C4}.DebugDLL-SSL|x64.ActiveCfg = DebugDLL|x64
		{3E3BD5DA-225D-4607-8D64-1549945212C4}.DebugDLL-SSL|x64.Build.0 = DebugDLL|x64
		{3E3BD5DA-225D-4607-8D64-1549945212C4}.Debug-SSL|Win32.ActiveCfg = Debug|Win32
		{3E3BD5DA-225D-4607-8D64-1549945212C4}.Debug-SSL|x64.ActiveCfg = DebugDLL|x64
		{3E3BD5DA-225D-4607-8D64-1549945212C4}.Debug-SSL|x64.Build.0 = DebugDLL|x64
		{3E3BD5DA-225D-4607-8D64-1549945212C4}.Release|Win32.ActiveCfg = Release|Win32
		{3E3BD5DA-225D-4607-8D64-1549945212C4}.Release|Win32.Build.0 = Release|Win32
		{3E3BD5DA-225D-4607-8D64-1549945212C4}.Release|x64.ActiveCfg = Release|x64
		{3E3BD5DA-225D-4607-8D64-1549945212C4}.Release|x64.Build.0 = Release|x64
		{3E3BD5DA-225D-4607-8D64-1549945212C4}.ReleaseDLL|Win32.ActiveCfg = ReleaseDLL|Win32
		{3E3BD5DA-225D-4607-8D64-1549945212C4}.ReleaseDLL|Win32.Build.0 = ReleaseDLL|Win32
		{3E3BD5DA-225D-4607-8D64-1549945212C4}.ReleaseDLL|x64.ActiveCfg = ReleaseDLL|x64
		{3E3BD5DA-225D-4607-8D64-1549945212C4}.ReleaseDLL|x64.Build.0 = ReleaseDLL|x64
		{3E3BD5DA-225D-4607-8D64-1549945212C4}.ReleaseDLL-SSL|Win32.ActiveCfg = ReleaseDLL|Win32
		{3E3BD5DA-225D-4607-8D64-1549945212C4}.ReleaseDLL-SSL|x64.ActiveCfg = ReleaseDLL|x64
		{3E3BD5DA-225D-4607-8D64-1549945212C4}.ReleaseDLL-SSL|x64.Build.0 = ReleaseDLL|x64
		{3E3BD5DA-225D-4607-8D64-1549945212C4}.Release-SSL|Win32.ActiveCfg = Release|Win32
		{3E3BD5DA-225D-4607-8D64-1549945212C4}.Release-SSL|x64.ActiveCfg = ReleaseDLL|x64
		{3E3BD5DA-225D-4607-8D64-1549945212C4}.Release-SSL|x64.Build.0 = ReleaseDLL|x64
		{A9526951-8648-4396-A2F1-044ED21C2D75}.Debug|Win32.ActiveCfg = Debug|Win32
		{A9526951-8648-4396-A2F1-044ED21C2D75}.Debug|Win32.Build.0 = Debug|Win32
		{A9526951-8648-4396-A2F1-044ED21C2D75}.Debug|x64.ActiveCfg = Debug|Win32
		{A9526951-8648-4396-A2F1-044ED21C2D75}.DebugDLL|Win32.ActiveCfg = Debug|Win32
		{A9526951-8648-4396-A2F1-044ED21C2D75}.DebugDLL|Win32.Build.0 = Debug|Win32
		{A9526951-8648-4396-A2F1-044ED21C2D75}.DebugDLL|x64.ActiveCfg = Debug|Win32
		{A9526951-8648-4396-A2F1-044ED21C2D75}.DebugDLL-SSL|Win32.ActiveCfg = Debug|Win32
		{A9526951-8648-4396-A2F1-044ED21C2D75}.DebugDLL-SSL|Win32.Build.0 = Debug|Win32
		{A9526951-8648-4396-A2F1-044ED21C2D75}.DebugDLL-SSL|x64.ActiveCfg = Debug|Win32
		{A9526951-8648-4396-A2F1-044ED21C2D75}.Debug-SSL|Win32.ActiveCfg = Debug|Win32
		{A9526951-8648-4396-A2F1-044ED21C2D75}.Debug-SSL|Win32.Build.0 = Debug|Win32
		{A9526951-8648-4396-A2F1-044ED21C2D75}.Debug-SSL|x64.ActiveCfg = Debug|Win32
		{A9526951-8648-4396-A2F1-044ED21C2D75}.Release|Win32.ActiveCfg = Release|Win32
		{A9526951-8648-4396-A2F1-044ED21C2D75}.Release|Win32.Build.0 = Release|Win32
		{A9526951-8648-4396-A2F1-044ED21C2D75}.Release|x64.ActiveCfg = Release|Win32
		{A9526951-8648-4396-A2F1-044ED21C2D75}.ReleaseDLL|Win32.ActiveCfg = Release|Win32
		{A9526951-8648-4396-A2F1-044ED21C2D75}.ReleaseDLL|Win32.Build.0 = Release|Win32
		{A9526951-8648-4396-A2F1-044ED21C2D75}.ReleaseDLL|x64.ActiveCfg = Release|Win32
		{A9526951-8648-4396-A2F1-044ED21C2D75}.ReleaseDLL-SSL|Win32.ActiveCfg = Release|Win32
		{A9526951-8648-4396-A2F1-044ED21C2D75}.ReleaseDLL-SSL|Win32.Build.0 = Release|Win32
		{A9526951-8648-4396-A2F1-044ED21C2D75}.ReleaseDLL-SSL|x64.ActiveCfg = Release|Win32
		{A9526951-8648-4396-A2F1-044ED21C2D75}.Release-SSL|Win32.ActiveCfg = Release|Win32
		{A9526951-8648-4396-A2F1-044ED21C2D75}.Release-SSL|Win32.Build.0 = Release|Win32
		{A9526951-8648-4396-A2F1-044ED21C2D75}.Release-SSL|x64.ActiveCfg = Release|Win32
		{B6315CCF-8961-4439-ADB2-10AAD98005CF}.Debug|Win32.ActiveCfg = Debug|Win32
		{B6315CCF-8961-4439-ADB2-10AAD98005CF}.Debug|Win32.Build.0 = Debug|Win32
		{B6315CCF-8961-4439-ADB2-10AAD98005CF}.Debug|x64.ActiveCfg = Debug|Win32
		{B6315CCF-8961-4439-ADB2-10AAD98005CF}.DebugDLL|Win32.ActiveCfg = Debug|Win32
		{B6315CCF-8961-4439-ADB2-10AAD98005CF}.DebugDLL|Win32.Build.0 = Debug|Win32
		{B6315CCF-8961-4439-ADB2-10AAD98005CF}.DebugDLL|x64.ActiveCfg = Debug|Win32
		{B6315CCF-8961-4439-ADB2-10AAD98005CF}.DebugDLL-SSL|Win32.ActiveCfg = Debug|Win32
		{B6315CCF-8961-4439-ADB2-10AAD98005CF}.DebugDLL-SSL|Win32.Build.0 = Debug|Win32
		{B6315CCF-8961-4439-ADB2-10AAD98005CF}.DebugDLL-SSL|x64.ActiveCfg = Debug|Win32
		{B6315CCF-8961-4439-ADB2-10AAD98005CF}.Debug-SSL|Win32.ActiveCfg = Debug|Win32
		{B6315CCF-8961-4439-ADB2-10AAD98005CF}.Debug-SSL|Win32.Build.0 = Debug|Win32
		{B6315CCF-8961-4439-ADB2-10AAD98005CF}.Debug-SSL|x64.ActiveCfg = Debug|Win32
		{B6315CCF-8961-4439-ADB2-10AAD98005CF}.Release|Win32.ActiveCfg = Release|Win32
		{B6315CCF-8961-4439-ADB2-10AAD98005CF}.Release|Win32.Build.0 = Release|Win32
		{B6315CCF-8961-4439-ADB2-10AAD98005CF}.Release|x64.ActiveCfg = Release|Win32
		{B6315CCF-8961-4439-ADB2-10AAD98005CF}.ReleaseDLL|Win32.ActiveCfg = Release|Win32
		{B6315CCF-8961-4439-ADB2-10AAD98005CF}.ReleaseDLL|Win32.Build.0 = Release|Win32
		{B6315CCF-8961-4439-ADB2-10AAD98005CF}.ReleaseDLL|x64.ActiveCfg = Release|Win32
		{B6315CCF-8961-4439-ADB2-10AAD98005CF}.ReleaseDLL-SSL|Win32.ActiveCfg = Release|Win32
		{B6315CCF-8961-4439-ADB2-10AAD98005CF}.ReleaseDLL-SSL|Win32.Build.0 = Release|Win32
		{B6315CCF-8961-4439-ADB2-10AAD98005CF}.ReleaseDLL-SSL|x64.ActiveCfg = Release|Win32
		{B6315CCF-8961-4439-ADB2-10AAD98005CF}.Release-SSL|Win32.ActiveCfg = Release|Win32
		{B6315CCF-8961-4439-ADB2-10AAD98005CF}.Release-SSL|Win32.Build.0 = Release|Win32
		{B6315CCF-8961-4439-ADB2-10AAD98005CF}.Release-SSL|x64.ActiveCfg = Release|Win32
		{D3FF58B4-F851-4868-A5AE-015F2C79757C}.Debug|Win32.ActiveCfg = Debug|Win32
		{D3FF58B4-F851-4868-A5AE-015F2C79757C}.Debug|x64.ActiveCfg = Debug|Win32
		{D3FF58B4-F851-4868-A5AE-015F2C79757C}.DebugDLL|Win32.ActiveCfg = DebugDLL|Win32
		{D3FF58B4-F851-4868-A5AE-015F2C79757C}.DebugDLL|x64.ActiveCfg = DebugDLL|Win32
		{D3FF58B4-F851-4868-A5AE-015F2C79757C}.DebugDLL-SSL|Win32.ActiveCfg = DebugDLL|Win32
		{D3FF58B4-F851-4868-A5AE-015F2C79757C}.DebugDLL-SSL|x64.ActiveCfg = DebugDLL|Win32
		{D3FF58B4-F851-4868-A5AE-015F2C79757C}.Debug-SSL|Win32.ActiveCfg = DebugDLL|Win32
		{D3FF58B4-F851-4868-A5AE-015F2C79757C}.Debug-SSL|x64.ActiveCfg = DebugDLL|Win32
		{D3FF58B4-F851-4868-A5AE-015F2C79757C}.Release|Win32.ActiveCfg = Release|Win32
		{D3FF58B4-F851-4868-A5AE-015F2C79757C}.Release|x64.ActiveCfg = Release|Win32
		{D3FF58B4-F851-4868-A5AE-015F2C79757C}.ReleaseDLL|Win32.ActiveCfg = ReleaseDLL|Win32
		{D3FF58B4-F851-4868-A5AE-015F2C79757C}.ReleaseDLL|x64.ActiveCfg = ReleaseDLL|Win32
		{D3FF58B4-F851-4868-A5AE-015F2C79757C}.ReleaseDLL-SSL|Win32.ActiveCfg = ReleaseDLL|Win32
		{D3FF58B4-F851-4868-A5AE-015F2C79757C}.ReleaseDLL-SSL|x64.ActiveCfg = ReleaseDLL|Win32
		{D3FF58B4-F851-4868-A5AE-015F2C79757C}.Release-SSL|Win32.ActiveCfg = ReleaseDLL|Win32
		{D3FF58B4-F851-4868-A5AE-015F2C79757C}.Release-SSL|x64.ActiveCfg = ReleaseDLL|Win32
	EndGlobalSection
	GlobalSection(SolutionProperties) = preSolution
		HideSolutionNode = FALSE
	EndGlobalSection
EndGlobal
