
Microsoft Visual Studio Solution File, Format Version 11.00
# Visual Studio 2010
Project("{8BC9CEB8-8B4A-11D0-8D11-00A0C91BC942}") = "activemq-cpp", "activemq-cpp.vcxproj", "{5E5A9E11-9F2F-4819-AE41-CCA7D6029197}"
EndProject
Project("{8BC9CEB8-8B4A-11D0-8D11-00A0C91BC942}") = "activemq-cpp-example", "activemq-cpp-example.vcxproj", "{CF3843EE-A7A6-4062-9774-ACFF4AE463D6}"
	ProjectSection(ProjectDependencies) = postProject
		{5E5A9E11-9F2F-4819-AE41-CCA7D6029197} = {5E5A9E11-9F2F-4819-AE41-CCA7D6029197}
	EndProjectSection
EndProject
Project("{8BC9CEB8-8B4A-11D0-8D11-00A0C91BC942}") = "activemq-cpp-integration-tests", "activemq-cpp-integration-tests.vcxproj", "{C3ADFAF2-12C2-4915-ADBE-F36D6905F82E}"
EndProject
Project("{8BC9CEB8-8B4A-11D0-8D11-00A0C91BC942}") = "activemq-cpp-unit-tests", "activemq-cpp-unit-tests.vcxproj", "{7A4B01E3-C410-4024-BC42-D80976CAF23D}"
EndProject
Global
	GlobalSection(SolutionConfigurationPlatforms) = preSolution
		Debug|Win32 = Debug|Win32
		Debug|x64 = Debug|x64
		Debug-DLL|Win32 = Debug-DLL|Win32
		Debug-DLL|x64 = Debug-DLL|x64
		DebugSSL|Win32 = DebugSSL|Win32
		DebugSSL|x64 = DebugSSL|x64
		DebugSSL-DLL|Win32 = DebugSSL-DLL|Win32
		DebugSSL-DLL|x64 = DebugSSL-DLL|x64
		Release|Win32 = Release|Win32
		Release|x64 = Release|x64
		Release-DLL|Win32 = Release-DLL|Win32
		Release-DLL|x64 = Release-DLL|x64
		ReleaseSSL|Win32 = ReleaseSSL|Win32
		ReleaseSSL|x64 = ReleaseSSL|x64
		ReleaseSSL-DLL|Win32 = ReleaseSSL-DLL|Win32
		ReleaseSSL-DLL|x64 = ReleaseSSL-DLL|x64
	EndGlobalSection
	GlobalSection(ProjectConfigurationPlatforms) = postSolution
		{5E5A9E11-9F2F-4819-AE41-CCA7D6029197}.Debug|Win32.ActiveCfg = Debug|Win32
		{5E5A9E11-9F2F-4819-AE41-CCA7D6029197}.Debug|Win32.Build.0 = Debug|Win32
		{5E5A9E11-9F2F-4819-AE41-CCA7D6029197}.Debug|x64.ActiveCfg = Debug|x64
		{5E5A9E11-9F2F-4819-AE41-CCA7D6029197}.Debug|x64.Build.0 = Debug|x64
		{5E5A9E11-9F2F-4819-AE41-CCA7D6029197}.Debug-DLL|Win32.ActiveCfg = DebugDLL|Win32
		{5E5A9E11-9F2F-4819-AE41-CCA7D6029197}.Debug-DLL|x64.ActiveCfg = DebugDLL|x64
		{5E5A9E11-9F2F-4819-AE41-CCA7D6029197}.Debug-DLL|x64.Build.0 = DebugDLL|x64
		{5E5A9E11-9F2F-4819-AE41-CCA7D6029197}.DebugSSL|Win32.ActiveCfg = DebugSSL|Win32
		{5E5A9E11-9F2F-4819-AE41-CCA7D6029197}.DebugSSL|Win32.Build.0 = DebugSSL|Win32
		{5E5A9E11-9F2F-4819-AE41-CCA7D6029197}.DebugSSL|x64.ActiveCfg = DebugSSL|x64
		{5E5A9E11-9F2F-4819-AE41-CCA7D6029197}.DebugSSL|x64.Build.0 = DebugSSL|x64
		{5E5A9E11-9F2F-4819-AE41-CCA7D6029197}.DebugSSL-DLL|Win32.ActiveCfg = DebugSSL-DLL|Win32
		{5E5A9E11-9F2F-4819-AE41-CCA7D6029197}.DebugSSL-DLL|Win32.Build.0 = DebugSSL-DLL|Win32
		{5E5A9E11-9F2F-4819-AE41-CCA7D6029197}.DebugSSL-DLL|x64.ActiveCfg = DebugSSL-DLL|x64
		{5E5A9E11-9F2F-4819-AE41-CCA7D6029197}.DebugSSL-DLL|x64.Build.0 = DebugSSL-DLL|x64
		{5E5A9E11-9F2F-4819-AE41-CCA7D6029197}.Release|Win32.ActiveCfg = Release|Win32
		{5E5A9E11-9F2F-4819-AE41-CCA7D6029197}.Release|Win32.Build.0 = Release|Win32
		{5E5A9E11-9F2F-4819-AE41-CCA7D6029197}.Release|x64.ActiveCfg = Release|x64
		{5E5A9E11-9F2F-4819-AE41-CCA7D6029197}.Release|x64.Build.0 = Release|x64
		{5E5A9E11-9F2F-4819-AE41-CCA7D6029197}.Release-DLL|Win32.ActiveCfg = ReleaseDLL|Win32
		{5E5A9E11-9F2F-4819-AE41-CCA7D6029197}.Release-DLL|Win32.Build.0 = ReleaseDLL|Win32
		{5E5A9E11-9F2F-4819-AE41-CCA7D6029197}.Release-DLL|x64.ActiveCfg = ReleaseDLL|x64
		{5E5A9E11-9F2F-4819-AE41-CCA7D6029197}.Release-DLL|x64.Build.0 = ReleaseDLL|x64
		{5E5A9E11-9F2F-4819-AE41-CCA7D6029197}.ReleaseSSL|Win32.ActiveCfg = ReleaseSSL|Win32
		{5E5A9E11-9F2F-4819-AE41-CCA7D6029197}.ReleaseSSL|Win32.Build.0 = ReleaseSSL|Win32
		{5E5A9E11-9F2F-4819-AE41-CCA7D6029197}.ReleaseSSL|x64.ActiveCfg = ReleaseSSL|x64
		{5E5A9E11-9F2F-4819-AE41-CCA7D6029197}.ReleaseSSL|x64.Build.0 = ReleaseSSL|x64
		{5E5A9E11-9F2F-4819-AE41-CCA7D6029197}.ReleaseSSL-DLL|Win32.ActiveCfg = ReleaseSSL-DLL|Win32
		{5E5A9E11-9F2F-4819-AE41-CCA7D6029197}.ReleaseSSL-DLL|Win32.Build.0 = ReleaseSSL-DLL|Win32
		{5E5A9E11-9F2F-4819-AE41-CCA7D6029197}.ReleaseSSL-DLL|x64.ActiveCfg = ReleaseSSL-DLL|x64
		{5E5A9E11-9F2F-4819-AE41-CCA7D6029197}.ReleaseSSL-DLL|x64.Build.0 = ReleaseSSL-DLL|x64
		{CF3843EE-A7A6-4062-9774-ACFF4AE463D6}.Debug|Win32.ActiveCfg = Debug|Win32
		{CF3843EE-A7A6-4062-9774-ACFF4AE463D6}.Debug|Win32.Build.0 = Debug|Win32
		{CF3843EE-A7A6-4062-9774-ACFF4AE463D6}.Debug|x64.ActiveCfg = Debug|x64
		{CF3843EE-A7A6-4062-9774-ACFF4AE463D6}.Debug|x64.Build.0 = Debug|x64
		{CF3843EE-A7A6-4062-9774-ACFF4AE463D6}.Debug-DLL|Win32.ActiveCfg = DebugDLL|Win32
		{CF3843EE-A7A6-4062-9774-ACFF4AE463D6}.Debug-DLL|x64.ActiveCfg = DebugDLL|x64
		{CF3843EE-A7A6-4062-9774-ACFF4AE463D6}.Debug-DLL|x64.Build.0 = DebugDLL|x64
		{CF3843EE-A7A6-4062-9774-ACFF4AE463D6}.DebugSSL|Win32.ActiveCfg = DebugSSL|Win32
		{CF3843EE-A7A6-4062-9774-ACFF4AE463D6}.DebugSSL|Win32.Build.0 = DebugSSL|Win32
		{CF3843EE-A7A6-4062-9774-ACFF4AE463D6}.DebugSSL|x64.ActiveCfg = DebugSSL|x64
		{CF3843EE-A7A6-4062-9774-ACFF4AE463D6}.DebugSSL|x64.Build.0 = DebugSSL|x64
		{CF3843EE-A7A6-4062-9774-ACFF4AE463D6}.DebugSSL-DLL|Win32.ActiveCfg = DebugSSL-DLL|Win32
		{CF3843EE-A7A6-4062-9774-ACFF4AE463D6}.DebugSSL-DLL|Win32.Build.0 = DebugSSL-DLL|Win32
		{CF3843EE-A7A6-4062-9774-ACFF4AE463D6}.DebugSSL-DLL|x64.ActiveCfg = DebugSSL-DLL|x64
		{CF3843EE-A7A6-4062-9774-ACFF4AE463D6}.DebugSSL-DLL|x64.Build.0 = DebugSSL-DLL|x64
		{CF3843EE-A7A6-4062-9774-ACFF4AE463D6}.Release|Win32.ActiveCfg = Release|Win32
		{CF3843EE-A7A6-4062-9774-ACFF4AE463D6}.Release|Win32.Build.0 = Release|Win32
		{CF3843EE-A7A6-4062-9774-ACFF4AE463D6}.Release|x64.ActiveCfg = Release|x64
		{CF3843EE-A7A6-4062-9774-ACFF4AE463D6}.Release|x64.Build.0 = Release|x64
		{CF3843EE-A7A6-4062-9774-ACFF4AE463D6}.Release-DLL|Win32.ActiveCfg = ReleaseDLL|Win32
		{CF3843EE-A7A6-4062-9774-ACFF4AE463D6}.Release-DLL|Win32.Build.0 = ReleaseDLL|Win32
		{CF3843EE-A7A6-4062-9774-ACFF4AE463D6}.Release-DLL|x64.ActiveCfg = ReleaseDLL|x64
		{CF3843EE-A7A6-4062-9774-ACFF4AE463D6}.Release-DLL|x64.Build.0 = ReleaseDLL|x64
		{CF3843EE-A7A6-4062-9774-ACFF4AE463D6}.ReleaseSSL|Win32.ActiveCfg = ReleaseSSL|Win32
		{CF3843EE-A7A6-4062-9774-ACFF4AE463D6}.ReleaseSSL|Win32.Build.0 = ReleaseSSL|Win32
		{CF3843EE-A7A6-4062-9774-ACFF4AE463D6}.ReleaseSSL|x64.ActiveCfg = ReleaseSSL|x64
		{CF3843EE-A7A6-4062-9774-ACFF4AE463D6}.ReleaseSSL|x64.Build.0 = ReleaseSSL|x64
		{CF3843EE-A7A6-4062-9774-ACFF4AE463D6}.ReleaseSSL-DLL|Win32.ActiveCfg = ReleaseSSL-DLL|Win32
		{CF3843EE-A7A6-4062-9774-ACFF4AE463D6}.ReleaseSSL-DLL|Win32.Build.0 = ReleaseSSL-DLL|Win32
		{CF3843EE-A7A6-4062-9774-ACFF4AE463D6}.ReleaseSSL-DLL|x64.ActiveCfg = ReleaseSSL-DLL|x64
		{CF3843EE-A7A6-4062-9774-ACFF4AE463D6}.ReleaseSSL-DLL|x64.Build.0 = ReleaseSSL-DLL|x64
		{C3ADFAF2-12C2-4915-ADBE-F36D6905F82E}.Debug|Win32.ActiveCfg = Debug|Win32
		{C3ADFAF2-12C2-4915-ADBE-F36D6905F82E}.Debug|Win32.Build.0 = Debug|Win32
		{C3ADFAF2-12C2-4915-ADBE-F36D6905F82E}.Debug|x64.ActiveCfg = Debug|x64
		{C3ADFAF2-12C2-4915-ADBE-F36D6905F82E}.Debug|x64.Build.0 = Debug|x64
		{C3ADFAF2-12C2-4915-ADBE-F36D6905F82E}.Debug-DLL|Win32.ActiveCfg = DebugDLL|Win32
		{C3ADFAF2-12C2-4915-ADBE-F36D6905F82E}.Debug-DLL|x64.ActiveCfg = DebugDLL|x64
		{C3ADFAF2-12C2-4915-ADBE-F36D6905F82E}.Debug-DLL|x64.Build.0 = DebugDLL|x64
		{C3ADFAF2-12C2-4915-ADBE-F36D6905F82E}.DebugSSL|Win32.ActiveCfg = DebugSSL|Win32
		{C3ADFAF2-12C2-4915-ADBE-F36D6905F82E}.DebugSSL|Win32.Build.0 = DebugSSL|Win32
		{C3ADFAF2-12C2-4915-ADBE-F36D6905F82E}.DebugSSL|x64.ActiveCfg = DebugSSL|x64
		{C3ADFAF2-12C2-4915-ADBE-F36D6905F82E}.DebugSSL|x64.Build.0 = DebugSSL|x64
		{C3ADFAF2-12C2-4915-ADBE-F36D6905F82E}.DebugSSL-DLL|Win32.ActiveCfg = DebugSSL-DLL|Win32
		{C3ADFAF2-12C2-4915-ADBE-F36D6905F82E}.DebugSSL-DLL|Win32.Build.0 = DebugSSL-DLL|Win32
		{C3ADFAF2-12C2-4915-ADBE-F36D6905F82E}.DebugSSL-DLL|x64.ActiveCfg = DebugSSL-DLL|x64
		{C3ADFAF2-12C2-4915-ADBE-F36D6905F82E}.DebugSSL-DLL|x64.Build.0 = DebugSSL-DLL|x64
		{C3ADFAF2-12C2-4915-ADBE-F36D6905F82E}.Release|Win32.ActiveCfg = Release|Win32
		{C3ADFAF2-12C2-4915-ADBE-F36D6905F82E}.Release|Win32.Build.0 = Release|Win32
		{C3ADFAF2-12C2-4915-ADBE-F36D6905F82E}.Release|x64.ActiveCfg = Release|x64
		{C3ADFAF2-12C2-4915-ADBE-F36D6905F82E}.Release|x64.Build.0 = Release|x64
		{C3ADFAF2-12C2-4915-ADBE-F36D6905F82E}.Release-DLL|Win32.ActiveCfg = ReleaseDLL|Win32
		{C3ADFAF2-12C2-4915-ADBE-F36D6905F82E}.Release-DLL|Win32.Build.0 = ReleaseDLL|Win32
		{C3ADFAF2-12C2-4915-ADBE-F36D6905F82E}.Release-DLL|x64.ActiveCfg = ReleaseDLL|x64
		{C3ADFAF2-12C2-4915-ADBE-F36D6905F82E}.Release-DLL|x64.Build.0 = ReleaseDLL|x64
		{C3ADFAF2-12C2-4915-ADBE-F36D6905F82E}.ReleaseSSL|Win32.ActiveCfg = ReleaseSSL|Win32
		{C3ADFAF2-12C2-4915-ADBE-F36D6905F82E}.ReleaseSSL|Win32.Build.0 = ReleaseSSL|Win32
		{C3ADFAF2-12C2-4915-ADBE-F36D6905F82E}.ReleaseSSL|x64.ActiveCfg = ReleaseSSL|x64
		{C3ADFAF2-12C2-4915-ADBE-F36D6905F82E}.ReleaseSSL|x64.Build.0 = ReleaseSSL|x64
		{C3ADFAF2-12C2-4915-ADBE-F36D6905F82E}.ReleaseSSL-DLL|Win32.ActiveCfg = ReleaseSSL-DLL|Win32
		{C3ADFAF2-12C2-4915-ADBE-F36D6905F82E}.ReleaseSSL-DLL|Win32.Build.0 = ReleaseSSL-DLL|Win32
		{C3ADFAF2-12C2-4915-ADBE-F36D6905F82E}.ReleaseSSL-DLL|x64.ActiveCfg = ReleaseSSL-DLL|x64
		{C3ADFAF2-12C2-4915-ADBE-F36D6905F82E}.ReleaseSSL-DLL|x64.Build.0 = ReleaseSSL-DLL|x64
		{7A4B01E3-C410-4024-BC42-D80976CAF23D}.Debug|Win32.ActiveCfg = Debug|Win32
		{7A4B01E3-C410-4024-BC42-D80976CAF23D}.Debug|Win32.Build.0 = Debug|Win32
		{7A4B01E3-C410-4024-BC42-D80976CAF23D}.Debug|x64.ActiveCfg = Debug|x64
		{7A4B01E3-C410-4024-BC42-D80976CAF23D}.Debug|x64.Build.0 = Debug|x64
		{7A4B01E3-C410-4024-BC42-D80976CAF23D}.Debug-DLL|Win32.ActiveCfg = DebugDLL|Win32
		{7A4B01E3-C410-4024-BC42-D80976CAF23D}.Debug-DLL|x64.ActiveCfg = DebugDLL|x64
		{7A4B01E3-C410-4024-BC42-D80976CAF23D}.Debug-DLL|x64.Build.0 = DebugDLL|x64
		{7A4B01E3-C410-4024-BC42-D80976CAF23D}.DebugSSL|Win32.ActiveCfg = DebugSSL|Win32
		{7A4B01E3-C410-4024-BC42-D80976CAF23D}.DebugSSL|Win32.Build.0 = DebugSSL|Win32
		{7A4B01E3-C410-4024-BC42-D80976CAF23D}.DebugSSL|x64.ActiveCfg = DebugSSL|x64
		{7A4B01E3-C410-4024-BC42-D80976CAF23D}.DebugSSL|x64.Build.0 = DebugSSL|x64
		{7A4B01E3-C410-4024-BC42-D80976CAF23D}.DebugSSL-DLL|Win32.ActiveCfg = DebugSSL-DLL|Win32
		{7A4B01E3-C410-4024-BC42-D80976CAF23D}.DebugSSL-DLL|Win32.Build.0 = DebugSSL-DLL|Win32
		{7A4B01E3-C410-4024-BC42-D80976CAF23D}.DebugSSL-DLL|x64.ActiveCfg = DebugSSL-DLL|x64
		{7A4B01E3-C410-4024-BC42-D80976CAF23D}.DebugSSL-DLL|x64.Build.0 = DebugSSL-DLL|x64
		{7A4B01E3-C410-4024-BC42-D80976CAF23D}.Release|Win32.ActiveCfg = Release|Win32
		{7A4B01E3-C410-4024-BC42-D80976CAF23D}.Release|Win32.Build.0 = Release|Win32
		{7A4B01E3-C410-4024-BC42-D80976CAF23D}.Release|x64.ActiveCfg = Release|x64
		{7A4B01E3-C410-4024-BC42-D80976CAF23D}.Release|x64.Build.0 = Release|x64
		{7A4B01E3-C410-4024-BC42-D80976CAF23D}.Release-DLL|Win32.ActiveCfg = ReleaseDLL|Win32
		{7A4B01E3-C410-4024-BC42-D80976CAF23D}.Release-DLL|Win32.Build.0 = ReleaseDLL|Win32
		{7A4B01E3-C410-4024-BC42-D80976CAF23D}.Release-DLL|x64.ActiveCfg = ReleaseDLL|x64
		{7A4B01E3-C410-4024-BC42-D80976CAF23D}.Release-DLL|x64.Build.0 = ReleaseDLL|x64
		{7A4B01E3-C410-4024-BC42-D80976CAF23D}.ReleaseSSL|Win32.ActiveCfg = ReleaseSSL|Win32
		{7A4B01E3-C410-4024-BC42-D80976CAF23D}.ReleaseSSL|Win32.Build.0 = ReleaseSSL|Win32
		{7A4B01E3-C410-4024-BC42-D80976CAF23D}.ReleaseSSL|x64.ActiveCfg = ReleaseSSL|x64
		{7A4B01E3-C410-4024-BC42-D80976CAF23D}.ReleaseSSL|x64.Build.0 = ReleaseSSL|x64
		{7A4B01E3-C410-4024-BC42-D80976CAF23D}.ReleaseSSL-DLL|Win32.ActiveCfg = ReleaseSSL-DLL|Win32
		{7A4B01E3-C410-4024-BC42-D80976CAF23D}.ReleaseSSL-DLL|Win32.Build.0 = ReleaseSSL-DLL|Win32
		{7A4B01E3-C410-4024-BC42-D80976CAF23D}.ReleaseSSL-DLL|x64.ActiveCfg = ReleaseSSL-DLL|x64
		{7A4B01E3-C410-4024-BC42-D80976CAF23D}.ReleaseSSL-DLL|x64.Build.0 = ReleaseSSL-DLL|x64
	EndGlobalSection
	GlobalSection(SolutionProperties) = preSolution
		HideSolutionNode = FALSE
	EndGlobalSection
EndGlobal
